
Microsoft Visual Studio Solution File, Format Version 12.00
# Visual Studio 14
VisualStudioVersion = 14.0.23107.0
MinimumVisualStudioVersion = 10.0.40219.1
Project("{FAE04EC0-301F-11D3-BF4B-00C04F79EFBC}") = "MTG-Scanner", "MTG-Scanner\MTG-Scanner.csproj", "{EFE90A46-D2A0-4C12-9D5B-5291B1E63FCF}"
EndProject
Project("{FAE04EC0-301F-11D3-BF4B-00C04F79EFBC}") = "DirectX.Capture", "MTG-Scanner\DirectX.Capture\DirectX.Capture.csproj", "{8C0015DB-69E1-46E7-8705-3A4F8BE2E5E7}"
EndProject
Project("{FAE04EC0-301F-11D3-BF4B-00C04F79EFBC}") = "DShowNET", "MTG-Scanner\DShowNET\DShowNET.csproj", "{CE009BFA-5EF6-4153-B2A1-2FA79698A9AE}"
EndProject
Global
	GlobalSection(SolutionConfigurationPlatforms) = preSolution
		Debug|Any CPU = Debug|Any CPU
		Debug|x86 = Debug|x86
		Release|Any CPU = Release|Any CPU
		Release|x86 = Release|x86
	EndGlobalSection
	GlobalSection(ProjectConfigurationPlatforms) = postSolution
		{EFE90A46-D2A0-4C12-9D5B-5291B1E63FCF}.Debug|Any CPU.ActiveCfg = Debug|x86
		{EFE90A46-D2A0-4C12-9D5B-5291B1E63FCF}.Debug|Any CPU.Build.0 = Debug|x86
		{EFE90A46-D2A0-4C12-9D5B-5291B1E63FCF}.Debug|x86.ActiveCfg = Debug|Any CPU
		{EFE90A46-D2A0-4C12-9D5B-5291B1E63FCF}.Debug|x86.Build.0 = Debug|Any CPU
		{EFE90A46-D2A0-4C12-9D5B-5291B1E63FCF}.Release|Any CPU.ActiveCfg = Release|Any CPU
		{EFE90A46-D2A0-4C12-9D5B-5291B1E63FCF}.Release|Any CPU.Build.0 = Release|Any CPU
		{EFE90A46-D2A0-4C12-9D5B-5291B1E63FCF}.Release|x86.ActiveCfg = Release|x86
		{EFE90A46-D2A0-4C12-9D5B-5291B1E63FCF}.Release|x86.Build.0 = Release|x86
		{8C0015DB-69E1-46E7-8705-3A4F8BE2E5E7}.Debug|Any CPU.ActiveCfg = Debug|Any CPU
		{8C0015DB-69E1-46E7-8705-3A4F8BE2E5E7}.Debug|Any CPU.Build.0 = Debug|Any CPU
		{8C0015DB-69E1-46E7-8705-3A4F8BE2E5E7}.Debug|x86.ActiveCfg = Debug|Any CPU
		{8C0015DB-69E1-46E7-8705-3A4F8BE2E5E7}.Debug|x86.Build.0 = Debug|Any CPU
		{8C0015DB-69E1-46E7-8705-3A4F8BE2E5E7}.Release|Any CPU.ActiveCfg = Release|Any CPU
		{8C0015DB-69E1-46E7-8705-3A4F8BE2E5E7}.Release|Any CPU.Build.0 = Release|Any CPU
		{8C0015DB-69E1-46E7-8705-3A4F8BE2E5E7}.Release|x86.ActiveCfg = Release|Any CPU
		{8C0015DB-69E1-46E7-8705-3A4F8BE2E5E7}.Release|x86.Build.0 = Release|Any CPU
		{CE009BFA-5EF6-4153-B2A1-2FA79698A9AE}.Debug|Any CPU.ActiveCfg = Debug|Any CPU
		{CE009BFA-5EF6-4153-B2A1-2FA79698A9AE}.Debug|Any CPU.Build.0 = Debug|Any CPU
		{CE009BFA-5EF6-4153-B2A1-2FA79698A9AE}.Debug|x86.ActiveCfg = Debug|Any CPU
		{CE009BFA-5EF6-4153-B2A1-2FA79698A9AE}.Debug|x86.Build.0 = Debug|Any CPU
		{CE009BFA-5EF6-4153-B2A1-2FA79698A9AE}.Release|Any CPU.ActiveCfg = Release|Any CPU
		{CE009BFA-5EF6-4153-B2A1-2FA79698A9AE}.Release|Any CPU.Build.0 = Release|Any CPU
		{CE009BFA-5EF6-4153-B2A1-2FA79698A9AE}.Release|x86.ActiveCfg = Release|Any CPU
		{CE009BFA-5EF6-4153-B2A1-2FA79698A9AE}.Release|x86.Build.0 = Release|Any CPU
	EndGlobalSection
	GlobalSection(SolutionProperties) = preSolution
		HideSolutionNode = FALSE
	EndGlobalSection
EndGlobal
