
Microsoft Visual Studio Solution File, Format Version 12.00
# Visual Studio 14
VisualStudioVersion = 14.0.23107.0
MinimumVisualStudioVersion = 10.0.40219.1
Project("{FAE04EC0-301F-11D3-BF4B-00C04F79EFBC}") = "MTG-Scanner", "MTG-Scanner\MTG-Scanner.csproj", "{EFE90A46-D2A0-4C12-9D5B-5291B1E63FCF}"
EndProject
Global
	GlobalSection(SolutionConfigurationPlatforms) = preSolution
		Debug|Any CPU = Debug|Any CPU
		Release|Any CPU = Release|Any CPU
	EndGlobalSection
	GlobalSection(ProjectConfigurationPlatforms) = postSolution
		{EFE90A46-D2A0-4C12-9D5B-5291B1E63FCF}.Debug|Any CPU.ActiveCfg = Debug|Any CPU
		{EFE90A46-D2A0-4C12-9D5B-5291B1E63FCF}.Debug|Any CPU.Build.0 = Debug|Any CPU
		{EFE90A46-D2A0-4C12-9D5B-5291B1E63FCF}.Release|Any CPU.ActiveCfg = Release|Any CPU
		{EFE90A46-D2A0-4C12-9D5B-5291B1E63FCF}.Release|Any CPU.Build.0 = Release|Any CPU
	EndGlobalSection
	GlobalSection(SolutionProperties) = preSolution
		HideSolutionNode = FALSE
	EndGlobalSection
EndGlobal
